
Microsoft Visual Studio Solution File, Format Version 12.00
# Visual Studio Version 16
VisualStudioVersion = 16.0.30204.135
MinimumVisualStudioVersion = 10.0.40219.1
Project("{9A19103F-16F7-4668-BE54-9A1E7A4F7556}") = "WebApi", "WebApiArquivo\WebApi.csproj", "{46ED1DEC-1CFF-4067-9974-15AAF132C617}"
EndProject
Global
	GlobalSection(SolutionConfigurationPlatforms) = preSolution
		Debug|Any CPU = Debug|Any CPU
		Release|Any CPU = Release|Any CPU
	EndGlobalSection
	GlobalSection(ProjectConfigurationPlatforms) = postSolution
		{46ED1DEC-1CFF-4067-9974-15AAF132C617}.Debug|Any CPU.ActiveCfg = Debug|Any CPU
		{46ED1DEC-1CFF-4067-9974-15AAF132C617}.Debug|Any CPU.Build.0 = Debug|Any CPU
		{46ED1DEC-1CFF-4067-9974-15AAF132C617}.Release|Any CPU.ActiveCfg = Release|Any CPU
		{46ED1DEC-1CFF-4067-9974-15AAF132C617}.Release|Any CPU.Build.0 = Release|Any CPU
	EndGlobalSection
	GlobalSection(SolutionProperties) = preSolution
		HideSolutionNode = FALSE
	EndGlobalSection
	GlobalSection(ExtensibilityGlobals) = postSolution
		SolutionGuid = {DDCD88DA-0DCD-4C5C-8A8A-C560CE2ECDF6}
	EndGlobalSection
EndGlobal
